
Microsoft Visual Studio Solution File, Format Version 12.00
# Visual Studio Version 17
VisualStudioVersion = 17.2.32630.192
MinimumVisualStudioVersion = 10.0.40219.1
Project("{9A19103F-16F7-4668-BE54-9A1E7A4F7556}") = "R5T.T0208", "R5T.T0208\R5T.T0208.csproj", "{E642AFA2-C13E-436D-8083-DCD8332CB38D}"
EndProject
Project("{2150E333-8FDC-42A3-9474-1A3956D46DE8}") = "_Dependencies", "_Dependencies", "{A965FAB7-06E4-48BE-A70A-FD400112A927}"
EndProject
Project("{9A19103F-16F7-4668-BE54-9A1E7A4F7556}") = "R5T.F0000", "..\..\R5T.F0000\source\R5T.F0000\R5T.F0000.csproj", "{20385C78-EE74-4246-BD6A-265E975E35D7}"
EndProject
Project("{9A19103F-16F7-4668-BE54-9A1E7A4F7556}") = "R5T.F0002", "..\..\R5T.F0002\source\R5T.F0002\R5T.F0002.csproj", "{B9F0A85B-DA36-4500-BBDF-7DC70A43713F}"
EndProject
Project("{9A19103F-16F7-4668-BE54-9A1E7A4F7556}") = "R5T.F0120", "..\..\R5T.F0120\source\R5T.F0120\R5T.F0120.csproj", "{9254369A-0E95-4E46-9FE6-A0405037B53B}"
EndProject
Project("{9A19103F-16F7-4668-BE54-9A1E7A4F7556}") = "R5T.F0124", "..\..\R5T.F0124\source\R5T.F0124\R5T.F0124.csproj", "{9E942553-6D9E-4D22-B700-C835EAB3D253}"
EndProject
Project("{9A19103F-16F7-4668-BE54-9A1E7A4F7556}") = "R5T.L0030.T000", "..\..\R5T.L0030\source\R5T.L0030.T000\R5T.L0030.T000.csproj", "{E57C77D2-1F65-4DA0-BC85-A37A31916B1A}"
EndProject
Project("{9A19103F-16F7-4668-BE54-9A1E7A4F7556}") = "R5T.L0030", "..\..\R5T.L0030\source\R5T.L0030\R5T.L0030.csproj", "{90FE2002-003B-4BE6-933B-15F49FB3C33D}"
EndProject
Project("{9A19103F-16F7-4668-BE54-9A1E7A4F7556}") = "R5T.L0034", "..\..\R5T.L0034\source\R5T.L0034\R5T.L0034.csproj", "{D6FF552B-0C28-4B2F-B59E-A6D860B742E2}"
EndProject
Project("{9A19103F-16F7-4668-BE54-9A1E7A4F7556}") = "R5T.NG0022", "..\..\R5T.NG0022\source\R5T.NG0022\R5T.NG0022.csproj", "{949113FE-91F1-4500-8D53-4011F0337212}"
EndProject
Project("{9A19103F-16F7-4668-BE54-9A1E7A4F7556}") = "R5T.T0131", "..\..\R5T.T0131\source\R5T.T0131\R5T.T0131.csproj", "{16740B30-16A3-48E9-9068-49A76AB87CD1}"
EndProject
Project("{9A19103F-16F7-4668-BE54-9A1E7A4F7556}") = "R5T.T0132", "..\..\R5T.T0132\source\R5T.T0132\R5T.T0132.csproj", "{26D66F51-916A-4CD1-AF1E-7EAB0CC81A66}"
EndProject
Project("{9A19103F-16F7-4668-BE54-9A1E7A4F7556}") = "R5T.T0142", "..\..\R5T.T0142\source\R5T.T0142\R5T.T0142.csproj", "{AD77EB0F-22DE-44DA-87B9-2E9B23C5939E}"
EndProject
Project("{9A19103F-16F7-4668-BE54-9A1E7A4F7556}") = "R5T.T0143", "..\..\R5T.T0143\source\R5T.T0143\R5T.T0143.csproj", "{5A639860-4C16-4710-99AB-82325A418478}"
EndProject
Project("{9A19103F-16F7-4668-BE54-9A1E7A4F7556}") = "R5T.T0156", "..\..\R5T.T0156\source\R5T.T0156\R5T.T0156.csproj", "{5F2751F5-EB42-48D5-A137-2E6FCAA57CF2}"
EndProject
Project("{9A19103F-16F7-4668-BE54-9A1E7A4F7556}") = "R5T.T0174", "..\..\R5T.T0174\source\R5T.T0174\R5T.T0174.csproj", "{B8709BFD-6DCD-42A2-9546-60D41EF8BF21}"
EndProject
Project("{9A19103F-16F7-4668-BE54-9A1E7A4F7556}") = "R5T.T0176", "..\..\R5T.T0176\source\R5T.T0176\R5T.T0176.csproj", "{501BD898-1104-4591-83E3-A59B8146FA39}"
EndProject
Project("{9A19103F-16F7-4668-BE54-9A1E7A4F7556}") = "R5T.T0177", "..\..\R5T.T0177\source\R5T.T0177\R5T.T0177.csproj", "{5F35319D-CB55-4581-A313-077B959F791D}"
EndProject
Project("{9A19103F-16F7-4668-BE54-9A1E7A4F7556}") = "R5T.T0178", "..\..\R5T.T0178\source\R5T.T0178\R5T.T0178.csproj", "{E10E43A7-CE90-409C-8A3F-BCED605E58A7}"
EndProject
Project("{9A19103F-16F7-4668-BE54-9A1E7A4F7556}") = "R5T.T0179", "..\..\R5T.T0179\source\R5T.T0179\R5T.T0179.csproj", "{B9C9734B-E3C1-4181-8283-391B43E22261}"
EndProject
Project("{9A19103F-16F7-4668-BE54-9A1E7A4F7556}") = "R5T.T0180", "..\..\R5T.T0180\source\R5T.T0180\R5T.T0180.csproj", "{34B1033E-DA33-44F5-9067-E42883B8D78C}"
EndProject
Project("{9A19103F-16F7-4668-BE54-9A1E7A4F7556}") = "R5T.T0181", "..\..\R5T.T0181\source\R5T.T0181\R5T.T0181.csproj", "{927AF4F7-99A9-452F-8541-03370604FE99}"
EndProject
Project("{9A19103F-16F7-4668-BE54-9A1E7A4F7556}") = "R5T.T0185", "..\..\R5T.T0185\source\R5T.T0185\R5T.T0185.csproj", "{45ED9F7B-876B-480A-BE5E-40AAD90F0C0B}"
EndProject
Project("{9A19103F-16F7-4668-BE54-9A1E7A4F7556}") = "R5T.T0203", "..\..\R5T.T0203\source\R5T.T0203\R5T.T0203.csproj", "{FCAFB86C-3177-4127-9F97-9C5834E5CC0B}"
EndProject
Project("{9A19103F-16F7-4668-BE54-9A1E7A4F7556}") = "R5T.Y0000", "..\..\R5T.Y0000\source\R5T.Y0000\R5T.Y0000.csproj", "{157D005E-FF59-4F65-9072-9999F4999E7C}"
EndProject
Project("{9A19103F-16F7-4668-BE54-9A1E7A4F7556}") = "R5T.Z0000", "..\..\R5T.Z0000\source\R5T.Z0000\R5T.Z0000.csproj", "{5ABEB5DD-6EF0-47A0-B12D-413E5D624FCF}"
EndProject
Global
	GlobalSection(NestedProjects) = preSolution
		{20385C78-EE74-4246-BD6A-265E975E35D7} = {A965FAB7-06E4-48BE-A70A-FD400112A927}
		{B9F0A85B-DA36-4500-BBDF-7DC70A43713F} = {A965FAB7-06E4-48BE-A70A-FD400112A927}
		{9254369A-0E95-4E46-9FE6-A0405037B53B} = {A965FAB7-06E4-48BE-A70A-FD400112A927}
		{9E942553-6D9E-4D22-B700-C835EAB3D253} = {A965FAB7-06E4-48BE-A70A-FD400112A927}
		{E57C77D2-1F65-4DA0-BC85-A37A31916B1A} = {A965FAB7-06E4-48BE-A70A-FD400112A927}
		{90FE2002-003B-4BE6-933B-15F49FB3C33D} = {A965FAB7-06E4-48BE-A70A-FD400112A927}
		{D6FF552B-0C28-4B2F-B59E-A6D860B742E2} = {A965FAB7-06E4-48BE-A70A-FD400112A927}
		{949113FE-91F1-4500-8D53-4011F0337212} = {A965FAB7-06E4-48BE-A70A-FD400112A927}
		{16740B30-16A3-48E9-9068-49A76AB87CD1} = {A965FAB7-06E4-48BE-A70A-FD400112A927}
		{26D66F51-916A-4CD1-AF1E-7EAB0CC81A66} = {A965FAB7-06E4-48BE-A70A-FD400112A927}
		{AD77EB0F-22DE-44DA-87B9-2E9B23C5939E} = {A965FAB7-06E4-48BE-A70A-FD400112A927}
		{5A639860-4C16-4710-99AB-82325A418478} = {A965FAB7-06E4-48BE-A70A-FD400112A927}
		{5F2751F5-EB42-48D5-A137-2E6FCAA57CF2} = {A965FAB7-06E4-48BE-A70A-FD400112A927}
		{B8709BFD-6DCD-42A2-9546-60D41EF8BF21} = {A965FAB7-06E4-48BE-A70A-FD400112A927}
		{501BD898-1104-4591-83E3-A59B8146FA39} = {A965FAB7-06E4-48BE-A70A-FD400112A927}
		{5F35319D-CB55-4581-A313-077B959F791D} = {A965FAB7-06E4-48BE-A70A-FD400112A927}
		{E10E43A7-CE90-409C-8A3F-BCED605E58A7} = {A965FAB7-06E4-48BE-A70A-FD400112A927}
		{B9C9734B-E3C1-4181-8283-391B43E22261} = {A965FAB7-06E4-48BE-A70A-FD400112A927}
		{34B1033E-DA33-44F5-9067-E42883B8D78C} = {A965FAB7-06E4-48BE-A70A-FD400112A927}
		{927AF4F7-99A9-452F-8541-03370604FE99} = {A965FAB7-06E4-48BE-A70A-FD400112A927}
		{45ED9F7B-876B-480A-BE5E-40AAD90F0C0B} = {A965FAB7-06E4-48BE-A70A-FD400112A927}
		{FCAFB86C-3177-4127-9F97-9C5834E5CC0B} = {A965FAB7-06E4-48BE-A70A-FD400112A927}
		{157D005E-FF59-4F65-9072-9999F4999E7C} = {A965FAB7-06E4-48BE-A70A-FD400112A927}
		{5ABEB5DD-6EF0-47A0-B12D-413E5D624FCF} = {A965FAB7-06E4-48BE-A70A-FD400112A927}
	EndGlobalSection
	GlobalSection(SolutionConfigurationPlatforms) = preSolution
		Debug|Any CPU = Debug|Any CPU
		Release|Any CPU = Release|Any CPU
	EndGlobalSection
	GlobalSection(ProjectConfigurationPlatforms) = postSolution
		{E642AFA2-C13E-436D-8083-DCD8332CB38D}.Debug|Any CPU.ActiveCfg = Debug|Any CPU
		{E642AFA2-C13E-436D-8083-DCD8332CB38D}.Debug|Any CPU.Build.0 = Debug|Any CPU
		{E642AFA2-C13E-436D-8083-DCD8332CB38D}.Release|Any CPU.ActiveCfg = Release|Any CPU
		{E642AFA2-C13E-436D-8083-DCD8332CB38D}.Release|Any CPU.Build.0 = Release|Any CPU
		{20385C78-EE74-4246-BD6A-265E975E35D7}.Debug|Any CPU.ActiveCfg = Debug|Any CPU
		{20385C78-EE74-4246-BD6A-265E975E35D7}.Debug|Any CPU.Build.0 = Debug|Any CPU
		{20385C78-EE74-4246-BD6A-265E975E35D7}.Release|Any CPU.ActiveCfg = Release|Any CPU
		{20385C78-EE74-4246-BD6A-265E975E35D7}.Release|Any CPU.Build.0 = Release|Any CPU
		{B9F0A85B-DA36-4500-BBDF-7DC70A43713F}.Debug|Any CPU.ActiveCfg = Debug|Any CPU
		{B9F0A85B-DA36-4500-BBDF-7DC70A43713F}.Debug|Any CPU.Build.0 = Debug|Any CPU
		{B9F0A85B-DA36-4500-BBDF-7DC70A43713F}.Release|Any CPU.ActiveCfg = Release|Any CPU
		{B9F0A85B-DA36-4500-BBDF-7DC70A43713F}.Release|Any CPU.Build.0 = Release|Any CPU
		{9254369A-0E95-4E46-9FE6-A0405037B53B}.Debug|Any CPU.ActiveCfg = Debug|Any CPU
		{9254369A-0E95-4E46-9FE6-A0405037B53B}.Debug|Any CPU.Build.0 = Debug|Any CPU
		{9254369A-0E95-4E46-9FE6-A0405037B53B}.Release|Any CPU.ActiveCfg = Release|Any CPU
		{9254369A-0E95-4E46-9FE6-A0405037B53B}.Release|Any CPU.Build.0 = Release|Any CPU
		{9E942553-6D9E-4D22-B700-C835EAB3D253}.Debug|Any CPU.ActiveCfg = Debug|Any CPU
		{9E942553-6D9E-4D22-B700-C835EAB3D253}.Debug|Any CPU.Build.0 = Debug|Any CPU
		{9E942553-6D9E-4D22-B700-C835EAB3D253}.Release|Any CPU.ActiveCfg = Release|Any CPU
		{9E942553-6D9E-4D22-B700-C835EAB3D253}.Release|Any CPU.Build.0 = Release|Any CPU
		{E57C77D2-1F65-4DA0-BC85-A37A31916B1A}.Debug|Any CPU.ActiveCfg = Debug|Any CPU
		{E57C77D2-1F65-4DA0-BC85-A37A31916B1A}.Debug|Any CPU.Build.0 = Debug|Any CPU
		{E57C77D2-1F65-4DA0-BC85-A37A31916B1A}.Release|Any CPU.ActiveCfg = Release|Any CPU
		{E57C77D2-1F65-4DA0-BC85-A37A31916B1A}.Release|Any CPU.Build.0 = Release|Any CPU
		{90FE2002-003B-4BE6-933B-15F49FB3C33D}.Debug|Any CPU.ActiveCfg = Debug|Any CPU
		{90FE2002-003B-4BE6-933B-15F49FB3C33D}.Debug|Any CPU.Build.0 = Debug|Any CPU
		{90FE2002-003B-4BE6-933B-15F49FB3C33D}.Release|Any CPU.ActiveCfg = Release|Any CPU
		{90FE2002-003B-4BE6-933B-15F49FB3C33D}.Release|Any CPU.Build.0 = Release|Any CPU
		{D6FF552B-0C28-4B2F-B59E-A6D860B742E2}.Debug|Any CPU.ActiveCfg = Debug|Any CPU
		{D6FF552B-0C28-4B2F-B59E-A6D860B742E2}.Debug|Any CPU.Build.0 = Debug|Any CPU
		{D6FF552B-0C28-4B2F-B59E-A6D860B742E2}.Release|Any CPU.ActiveCfg = Release|Any CPU
		{D6FF552B-0C28-4B2F-B59E-A6D860B742E2}.Release|Any CPU.Build.0 = Release|Any CPU
		{949113FE-91F1-4500-8D53-4011F0337212}.Debug|Any CPU.ActiveCfg = Debug|Any CPU
		{949113FE-91F1-4500-8D53-4011F0337212}.Debug|Any CPU.Build.0 = Debug|Any CPU
		{949113FE-91F1-4500-8D53-4011F0337212}.Release|Any CPU.ActiveCfg = Release|Any CPU
		{949113FE-91F1-4500-8D53-4011F0337212}.Release|Any CPU.Build.0 = Release|Any CPU
		{16740B30-16A3-48E9-9068-49A76AB87CD1}.Debug|Any CPU.ActiveCfg = Debug|Any CPU
		{16740B30-16A3-48E9-9068-49A76AB87CD1}.Debug|Any CPU.Build.0 = Debug|Any CPU
		{16740B30-16A3-48E9-9068-49A76AB87CD1}.Release|Any CPU.ActiveCfg = Release|Any CPU
		{16740B30-16A3-48E9-9068-49A76AB87CD1}.Release|Any CPU.Build.0 = Release|Any CPU
		{26D66F51-916A-4CD1-AF1E-7EAB0CC81A66}.Debug|Any CPU.ActiveCfg = Debug|Any CPU
		{26D66F51-916A-4CD1-AF1E-7EAB0CC81A66}.Debug|Any CPU.Build.0 = Debug|Any CPU
		{26D66F51-916A-4CD1-AF1E-7EAB0CC81A66}.Release|Any CPU.ActiveCfg = Release|Any CPU
		{26D66F51-916A-4CD1-AF1E-7EAB0CC81A66}.Release|Any CPU.Build.0 = Release|Any CPU
		{AD77EB0F-22DE-44DA-87B9-2E9B23C5939E}.Debug|Any CPU.ActiveCfg = Debug|Any CPU
		{AD77EB0F-22DE-44DA-87B9-2E9B23C5939E}.Debug|Any CPU.Build.0 = Debug|Any CPU
		{AD77EB0F-22DE-44DA-87B9-2E9B23C5939E}.Release|Any CPU.ActiveCfg = Release|Any CPU
		{AD77EB0F-22DE-44DA-87B9-2E9B23C5939E}.Release|Any CPU.Build.0 = Release|Any CPU
		{5A639860-4C16-4710-99AB-82325A418478}.Debug|Any CPU.ActiveCfg = Debug|Any CPU
		{5A639860-4C16-4710-99AB-82325A418478}.Debug|Any CPU.Build.0 = Debug|Any CPU
		{5A639860-4C16-4710-99AB-82325A418478}.Release|Any CPU.ActiveCfg = Release|Any CPU
		{5A639860-4C16-4710-99AB-82325A418478}.Release|Any CPU.Build.0 = Release|Any CPU
		{5F2751F5-EB42-48D5-A137-2E6FCAA57CF2}.Debug|Any CPU.ActiveCfg = Debug|Any CPU
		{5F2751F5-EB42-48D5-A137-2E6FCAA57CF2}.Debug|Any CPU.Build.0 = Debug|Any CPU
		{5F2751F5-EB42-48D5-A137-2E6FCAA57CF2}.Release|Any CPU.ActiveCfg = Release|Any CPU
		{5F2751F5-EB42-48D5-A137-2E6FCAA57CF2}.Release|Any CPU.Build.0 = Release|Any CPU
		{B8709BFD-6DCD-42A2-9546-60D41EF8BF21}.Debug|Any CPU.ActiveCfg = Debug|Any CPU
		{B8709BFD-6DCD-42A2-9546-60D41EF8BF21}.Debug|Any CPU.Build.0 = Debug|Any CPU
		{B8709BFD-6DCD-42A2-9546-60D41EF8BF21}.Release|Any CPU.ActiveCfg = Release|Any CPU
		{B8709BFD-6DCD-42A2-9546-60D41EF8BF21}.Release|Any CPU.Build.0 = Release|Any CPU
		{501BD898-1104-4591-83E3-A59B8146FA39}.Debug|Any CPU.ActiveCfg = Debug|Any CPU
		{501BD898-1104-4591-83E3-A59B8146FA39}.Debug|Any CPU.Build.0 = Debug|Any CPU
		{501BD898-1104-4591-83E3-A59B8146FA39}.Release|Any CPU.ActiveCfg = Release|Any CPU
		{501BD898-1104-4591-83E3-A59B8146FA39}.Release|Any CPU.Build.0 = Release|Any CPU
		{5F35319D-CB55-4581-A313-077B959F791D}.Debug|Any CPU.ActiveCfg = Debug|Any CPU
		{5F35319D-CB55-4581-A313-077B959F791D}.Debug|Any CPU.Build.0 = Debug|Any CPU
		{5F35319D-CB55-4581-A313-077B959F791D}.Release|Any CPU.ActiveCfg = Release|Any CPU
		{5F35319D-CB55-4581-A313-077B959F791D}.Release|Any CPU.Build.0 = Release|Any CPU
		{E10E43A7-CE90-409C-8A3F-BCED605E58A7}.Debug|Any CPU.ActiveCfg = Debug|Any CPU
		{E10E43A7-CE90-409C-8A3F-BCED605E58A7}.Debug|Any CPU.Build.0 = Debug|Any CPU
		{E10E43A7-CE90-409C-8A3F-BCED605E58A7}.Release|Any CPU.ActiveCfg = Release|Any CPU
		{E10E43A7-CE90-409C-8A3F-BCED605E58A7}.Release|Any CPU.Build.0 = Release|Any CPU
		{B9C9734B-E3C1-4181-8283-391B43E22261}.Debug|Any CPU.ActiveCfg = Debug|Any CPU
		{B9C9734B-E3C1-4181-8283-391B43E22261}.Debug|Any CPU.Build.0 = Debug|Any CPU
		{B9C9734B-E3C1-4181-8283-391B43E22261}.Release|Any CPU.ActiveCfg = Release|Any CPU
		{B9C9734B-E3C1-4181-8283-391B43E22261}.Release|Any CPU.Build.0 = Release|Any CPU
		{34B1033E-DA33-44F5-9067-E42883B8D78C}.Debug|Any CPU.ActiveCfg = Debug|Any CPU
		{34B1033E-DA33-44F5-9067-E42883B8D78C}.Debug|Any CPU.Build.0 = Debug|Any CPU
		{34B1033E-DA33-44F5-9067-E42883B8D78C}.Release|Any CPU.ActiveCfg = Release|Any CPU
		{34B1033E-DA33-44F5-9067-E42883B8D78C}.Release|Any CPU.Build.0 = Release|Any CPU
		{927AF4F7-99A9-452F-8541-03370604FE99}.Debug|Any CPU.ActiveCfg = Debug|Any CPU
		{927AF4F7-99A9-452F-8541-03370604FE99}.Debug|Any CPU.Build.0 = Debug|Any CPU
		{927AF4F7-99A9-452F-8541-03370604FE99}.Release|Any CPU.ActiveCfg = Release|Any CPU
		{927AF4F7-99A9-452F-8541-03370604FE99}.Release|Any CPU.Build.0 = Release|Any CPU
		{45ED9F7B-876B-480A-BE5E-40AAD90F0C0B}.Debug|Any CPU.ActiveCfg = Debug|Any CPU
		{45ED9F7B-876B-480A-BE5E-40AAD90F0C0B}.Debug|Any CPU.Build.0 = Debug|Any CPU
		{45ED9F7B-876B-480A-BE5E-40AAD90F0C0B}.Release|Any CPU.ActiveCfg = Release|Any CPU
		{45ED9F7B-876B-480A-BE5E-40AAD90F0C0B}.Release|Any CPU.Build.0 = Release|Any CPU
		{FCAFB86C-3177-4127-9F97-9C5834E5CC0B}.Debug|Any CPU.ActiveCfg = Debug|Any CPU
		{FCAFB86C-3177-4127-9F97-9C5834E5CC0B}.Debug|Any CPU.Build.0 = Debug|Any CPU
		{FCAFB86C-3177-4127-9F97-9C5834E5CC0B}.Release|Any CPU.ActiveCfg = Release|Any CPU
		{FCAFB86C-3177-4127-9F97-9C5834E5CC0B}.Release|Any CPU.Build.0 = Release|Any CPU
		{157D005E-FF59-4F65-9072-9999F4999E7C}.Debug|Any CPU.ActiveCfg = Debug|Any CPU
		{157D005E-FF59-4F65-9072-9999F4999E7C}.Debug|Any CPU.Build.0 = Debug|Any CPU
		{157D005E-FF59-4F65-9072-9999F4999E7C}.Release|Any CPU.ActiveCfg = Release|Any CPU
		{157D005E-FF59-4F65-9072-9999F4999E7C}.Release|Any CPU.Build.0 = Release|Any CPU
		{5ABEB5DD-6EF0-47A0-B12D-413E5D624FCF}.Debug|Any CPU.ActiveCfg = Debug|Any CPU
		{5ABEB5DD-6EF0-47A0-B12D-413E5D624FCF}.Debug|Any CPU.Build.0 = Debug|Any CPU
		{5ABEB5DD-6EF0-47A0-B12D-413E5D624FCF}.Release|Any CPU.ActiveCfg = Release|Any CPU
		{5ABEB5DD-6EF0-47A0-B12D-413E5D624FCF}.Release|Any CPU.Build.0 = Release|Any CPU
	EndGlobalSection
	GlobalSection(SolutionProperties) = preSolution
		HideSolutionNode = FALSE
	EndGlobalSection
	GlobalSection(ExtensibilityGlobals) = postSolution
		SolutionGuid = {D26181D4-CE2E-433B-8865-EF80020AAA9C}
	EndGlobalSection
EndGlobal
