
Microsoft Visual Studio Solution File, Format Version 12.00
# Visual Studio Version 17
VisualStudioVersion = 17.2.32630.192
MinimumVisualStudioVersion = 10.0.40219.1
Project("{9A19103F-16F7-4668-BE54-9A1E7A4F7556}") = "R5T.T0208.Construction", "R5T.T0208.Construction\R5T.T0208.Construction.csproj", "{BFAB85AD-CB51-4530-9F03-FC321A8EED04}"
EndProject
Project("{9A19103F-16F7-4668-BE54-9A1E7A4F7556}") = "R5T.T0208", "R5T.T0208\R5T.T0208.csproj", "{892F49CD-B969-467E-88A6-8BF708DD676C}"
EndProject
Global
	GlobalSection(SolutionConfigurationPlatforms) = preSolution
		Debug|Any CPU = Debug|Any CPU
		Release|Any CPU = Release|Any CPU
	EndGlobalSection
	GlobalSection(ProjectConfigurationPlatforms) = postSolution
		{BFAB85AD-CB51-4530-9F03-FC321A8EED04}.Debug|Any CPU.ActiveCfg = Debug|Any CPU
		{BFAB85AD-CB51-4530-9F03-FC321A8EED04}.Debug|Any CPU.Build.0 = Debug|Any CPU
		{BFAB85AD-CB51-4530-9F03-FC321A8EED04}.Release|Any CPU.ActiveCfg = Release|Any CPU
		{BFAB85AD-CB51-4530-9F03-FC321A8EED04}.Release|Any CPU.Build.0 = Release|Any CPU
		{892F49CD-B969-467E-88A6-8BF708DD676C}.Debug|Any CPU.ActiveCfg = Debug|Any CPU
		{892F49CD-B969-467E-88A6-8BF708DD676C}.Debug|Any CPU.Build.0 = Debug|Any CPU
		{892F49CD-B969-467E-88A6-8BF708DD676C}.Release|Any CPU.ActiveCfg = Release|Any CPU
		{892F49CD-B969-467E-88A6-8BF708DD676C}.Release|Any CPU.Build.0 = Release|Any CPU
	EndGlobalSection
	GlobalSection(SolutionProperties) = preSolution
		HideSolutionNode = FALSE
	EndGlobalSection
	GlobalSection(ExtensibilityGlobals) = postSolution
		SolutionGuid = {C4B41DEF-CBB9-49AB-8D03-79F9BB569C1C}
	EndGlobalSection
EndGlobal
