
Microsoft Visual Studio Solution File, Format Version 12.00
# Visual Studio Version 17
VisualStudioVersion = 17.2.32630.192
MinimumVisualStudioVersion = 10.0.40219.1
Project("{9A19103F-16F7-4668-BE54-9A1E7A4F7556}") = "R5T.T0208.Construction", "R5T.T0208.Construction\R5T.T0208.Construction.csproj", "{BFAB85AD-CB51-4530-9F03-FC321A8EED04}"
EndProject
Project("{9A19103F-16F7-4668-BE54-9A1E7A4F7556}") = "R5T.T0208", "R5T.T0208\R5T.T0208.csproj", "{892F49CD-B969-467E-88A6-8BF708DD676C}"
EndProject
Project("{2150E333-8FDC-42A3-9474-1A3956D46DE8}") = "_Dependencies", "_Dependencies", "{173FC1BD-41A5-4108-B4AE-008484749740}"
EndProject
Project("{9A19103F-16F7-4668-BE54-9A1E7A4F7556}") = "R5T.F0000", "..\..\R5T.F0000\source\R5T.F0000\R5T.F0000.csproj", "{81FD6D1A-978F-4E39-A554-CB735AE192DC}"
EndProject
Project("{9A19103F-16F7-4668-BE54-9A1E7A4F7556}") = "R5T.F0002", "..\..\R5T.F0002\source\R5T.F0002\R5T.F0002.csproj", "{9FA52672-7E29-4DED-B4D2-F7B7F8EAF2A0}"
EndProject
Project("{9A19103F-16F7-4668-BE54-9A1E7A4F7556}") = "R5T.F0120", "..\..\R5T.F0120\source\R5T.F0120\R5T.F0120.csproj", "{DB2CA83D-9EB7-4F87-9494-65BE23D5B55B}"
EndProject
Project("{9A19103F-16F7-4668-BE54-9A1E7A4F7556}") = "R5T.F0124", "..\..\R5T.F0124\source\R5T.F0124\R5T.F0124.csproj", "{B332CEEC-BBA4-4A4C-A57E-A930F0DDA65A}"
EndProject
Project("{9A19103F-16F7-4668-BE54-9A1E7A4F7556}") = "R5T.L0030.T000", "..\..\R5T.L0030\source\R5T.L0030.T000\R5T.L0030.T000.csproj", "{1CCFAB1A-640C-4CE0-8BEC-326657A18084}"
EndProject
Project("{9A19103F-16F7-4668-BE54-9A1E7A4F7556}") = "R5T.L0030", "..\..\R5T.L0030\source\R5T.L0030\R5T.L0030.csproj", "{E1D8CD7B-4B2C-4854-86A6-CD55EE1635A9}"
EndProject
Project("{9A19103F-16F7-4668-BE54-9A1E7A4F7556}") = "R5T.L0034", "..\..\R5T.L0034\source\R5T.L0034\R5T.L0034.csproj", "{60EEF4E0-D35E-40F7-A906-2795D365E5AC}"
EndProject
Project("{9A19103F-16F7-4668-BE54-9A1E7A4F7556}") = "R5T.NG0022", "..\..\R5T.NG0022\source\R5T.NG0022\R5T.NG0022.csproj", "{98DD2E14-72C7-4B27-A27D-C1E65EAF4D97}"
EndProject
Project("{9A19103F-16F7-4668-BE54-9A1E7A4F7556}") = "R5T.T0131", "..\..\R5T.T0131\source\R5T.T0131\R5T.T0131.csproj", "{0A8AA459-A6C2-45F9-A849-550B2D42F514}"
EndProject
Project("{9A19103F-16F7-4668-BE54-9A1E7A4F7556}") = "R5T.T0132", "..\..\R5T.T0132\source\R5T.T0132\R5T.T0132.csproj", "{FB6A19EA-9812-462F-B1E0-81150F7716F6}"
EndProject
Project("{9A19103F-16F7-4668-BE54-9A1E7A4F7556}") = "R5T.T0142", "..\..\R5T.T0142\source\R5T.T0142\R5T.T0142.csproj", "{B2060190-C811-4387-A75F-AF892ABB7A4D}"
EndProject
Project("{9A19103F-16F7-4668-BE54-9A1E7A4F7556}") = "R5T.T0143", "..\..\R5T.T0143\source\R5T.T0143\R5T.T0143.csproj", "{8D244391-8614-4232-8A86-1A4EBDA4CC0A}"
EndProject
Project("{9A19103F-16F7-4668-BE54-9A1E7A4F7556}") = "R5T.T0156", "..\..\R5T.T0156\source\R5T.T0156\R5T.T0156.csproj", "{286C38F8-E75F-4804-9A60-DCA2C8EA0953}"
EndProject
Project("{9A19103F-16F7-4668-BE54-9A1E7A4F7556}") = "R5T.T0174", "..\..\R5T.T0174\source\R5T.T0174\R5T.T0174.csproj", "{531E082D-84F9-48F5-8FDC-2125DCA58811}"
EndProject
Project("{9A19103F-16F7-4668-BE54-9A1E7A4F7556}") = "R5T.T0176", "..\..\R5T.T0176\source\R5T.T0176\R5T.T0176.csproj", "{1337BE84-4F85-4871-A9AB-A7C4D42A0E3B}"
EndProject
Project("{9A19103F-16F7-4668-BE54-9A1E7A4F7556}") = "R5T.T0177", "..\..\R5T.T0177\source\R5T.T0177\R5T.T0177.csproj", "{CA7A4A42-052A-4E24-89F0-DC34E8C5B1C2}"
EndProject
Project("{9A19103F-16F7-4668-BE54-9A1E7A4F7556}") = "R5T.T0178", "..\..\R5T.T0178\source\R5T.T0178\R5T.T0178.csproj", "{3EB3A9A2-54B3-4AD1-B333-9BC740BFC590}"
EndProject
Project("{9A19103F-16F7-4668-BE54-9A1E7A4F7556}") = "R5T.T0179", "..\..\R5T.T0179\source\R5T.T0179\R5T.T0179.csproj", "{ECA54CB3-41C8-40D4-826C-1DAD481BA789}"
EndProject
Project("{9A19103F-16F7-4668-BE54-9A1E7A4F7556}") = "R5T.T0180", "..\..\R5T.T0180\source\R5T.T0180\R5T.T0180.csproj", "{C07F92D8-6F4B-4871-908C-F655BF0AB521}"
EndProject
Project("{9A19103F-16F7-4668-BE54-9A1E7A4F7556}") = "R5T.T0181", "..\..\R5T.T0181\source\R5T.T0181\R5T.T0181.csproj", "{74F6C331-BEE2-4A6A-80D0-A0A6B7DEFCCC}"
EndProject
Project("{9A19103F-16F7-4668-BE54-9A1E7A4F7556}") = "R5T.T0185", "..\..\R5T.T0185\source\R5T.T0185\R5T.T0185.csproj", "{A0B77514-DD89-4CBA-BC18-0D0CE5D3E3BE}"
EndProject
Project("{9A19103F-16F7-4668-BE54-9A1E7A4F7556}") = "R5T.T0203", "..\..\R5T.T0203\source\R5T.T0203\R5T.T0203.csproj", "{8828AA5C-ECE7-4928-BE5B-75789197FF35}"
EndProject
Project("{9A19103F-16F7-4668-BE54-9A1E7A4F7556}") = "R5T.Y0000", "..\..\R5T.Y0000\source\R5T.Y0000\R5T.Y0000.csproj", "{580A6628-AA57-4B76-86F6-475E676C5DDF}"
EndProject
Project("{9A19103F-16F7-4668-BE54-9A1E7A4F7556}") = "R5T.Z0000", "..\..\R5T.Z0000\source\R5T.Z0000\R5T.Z0000.csproj", "{9F44DCF5-8AE2-4B93-A2CD-0C93239485BA}"
EndProject
Global
	GlobalSection(NestedProjects) = preSolution
		{81FD6D1A-978F-4E39-A554-CB735AE192DC} = {173FC1BD-41A5-4108-B4AE-008484749740}
		{9FA52672-7E29-4DED-B4D2-F7B7F8EAF2A0} = {173FC1BD-41A5-4108-B4AE-008484749740}
		{DB2CA83D-9EB7-4F87-9494-65BE23D5B55B} = {173FC1BD-41A5-4108-B4AE-008484749740}
		{B332CEEC-BBA4-4A4C-A57E-A930F0DDA65A} = {173FC1BD-41A5-4108-B4AE-008484749740}
		{1CCFAB1A-640C-4CE0-8BEC-326657A18084} = {173FC1BD-41A5-4108-B4AE-008484749740}
		{E1D8CD7B-4B2C-4854-86A6-CD55EE1635A9} = {173FC1BD-41A5-4108-B4AE-008484749740}
		{60EEF4E0-D35E-40F7-A906-2795D365E5AC} = {173FC1BD-41A5-4108-B4AE-008484749740}
		{98DD2E14-72C7-4B27-A27D-C1E65EAF4D97} = {173FC1BD-41A5-4108-B4AE-008484749740}
		{0A8AA459-A6C2-45F9-A849-550B2D42F514} = {173FC1BD-41A5-4108-B4AE-008484749740}
		{FB6A19EA-9812-462F-B1E0-81150F7716F6} = {173FC1BD-41A5-4108-B4AE-008484749740}
		{B2060190-C811-4387-A75F-AF892ABB7A4D} = {173FC1BD-41A5-4108-B4AE-008484749740}
		{8D244391-8614-4232-8A86-1A4EBDA4CC0A} = {173FC1BD-41A5-4108-B4AE-008484749740}
		{286C38F8-E75F-4804-9A60-DCA2C8EA0953} = {173FC1BD-41A5-4108-B4AE-008484749740}
		{531E082D-84F9-48F5-8FDC-2125DCA58811} = {173FC1BD-41A5-4108-B4AE-008484749740}
		{1337BE84-4F85-4871-A9AB-A7C4D42A0E3B} = {173FC1BD-41A5-4108-B4AE-008484749740}
		{CA7A4A42-052A-4E24-89F0-DC34E8C5B1C2} = {173FC1BD-41A5-4108-B4AE-008484749740}
		{3EB3A9A2-54B3-4AD1-B333-9BC740BFC590} = {173FC1BD-41A5-4108-B4AE-008484749740}
		{ECA54CB3-41C8-40D4-826C-1DAD481BA789} = {173FC1BD-41A5-4108-B4AE-008484749740}
		{C07F92D8-6F4B-4871-908C-F655BF0AB521} = {173FC1BD-41A5-4108-B4AE-008484749740}
		{74F6C331-BEE2-4A6A-80D0-A0A6B7DEFCCC} = {173FC1BD-41A5-4108-B4AE-008484749740}
		{A0B77514-DD89-4CBA-BC18-0D0CE5D3E3BE} = {173FC1BD-41A5-4108-B4AE-008484749740}
		{8828AA5C-ECE7-4928-BE5B-75789197FF35} = {173FC1BD-41A5-4108-B4AE-008484749740}
		{580A6628-AA57-4B76-86F6-475E676C5DDF} = {173FC1BD-41A5-4108-B4AE-008484749740}
		{9F44DCF5-8AE2-4B93-A2CD-0C93239485BA} = {173FC1BD-41A5-4108-B4AE-008484749740}
	EndGlobalSection
	GlobalSection(SolutionConfigurationPlatforms) = preSolution
		Debug|Any CPU = Debug|Any CPU
		Release|Any CPU = Release|Any CPU
	EndGlobalSection
	GlobalSection(ProjectConfigurationPlatforms) = postSolution
		{BFAB85AD-CB51-4530-9F03-FC321A8EED04}.Debug|Any CPU.ActiveCfg = Debug|Any CPU
		{BFAB85AD-CB51-4530-9F03-FC321A8EED04}.Debug|Any CPU.Build.0 = Debug|Any CPU
		{BFAB85AD-CB51-4530-9F03-FC321A8EED04}.Release|Any CPU.ActiveCfg = Release|Any CPU
		{BFAB85AD-CB51-4530-9F03-FC321A8EED04}.Release|Any CPU.Build.0 = Release|Any CPU
		{892F49CD-B969-467E-88A6-8BF708DD676C}.Debug|Any CPU.ActiveCfg = Debug|Any CPU
		{892F49CD-B969-467E-88A6-8BF708DD676C}.Debug|Any CPU.Build.0 = Debug|Any CPU
		{892F49CD-B969-467E-88A6-8BF708DD676C}.Release|Any CPU.ActiveCfg = Release|Any CPU
		{892F49CD-B969-467E-88A6-8BF708DD676C}.Release|Any CPU.Build.0 = Release|Any CPU
		{81FD6D1A-978F-4E39-A554-CB735AE192DC}.Debug|Any CPU.ActiveCfg = Debug|Any CPU
		{81FD6D1A-978F-4E39-A554-CB735AE192DC}.Debug|Any CPU.Build.0 = Debug|Any CPU
		{81FD6D1A-978F-4E39-A554-CB735AE192DC}.Release|Any CPU.ActiveCfg = Release|Any CPU
		{81FD6D1A-978F-4E39-A554-CB735AE192DC}.Release|Any CPU.Build.0 = Release|Any CPU
		{9FA52672-7E29-4DED-B4D2-F7B7F8EAF2A0}.Debug|Any CPU.ActiveCfg = Debug|Any CPU
		{9FA52672-7E29-4DED-B4D2-F7B7F8EAF2A0}.Debug|Any CPU.Build.0 = Debug|Any CPU
		{9FA52672-7E29-4DED-B4D2-F7B7F8EAF2A0}.Release|Any CPU.ActiveCfg = Release|Any CPU
		{9FA52672-7E29-4DED-B4D2-F7B7F8EAF2A0}.Release|Any CPU.Build.0 = Release|Any CPU
		{DB2CA83D-9EB7-4F87-9494-65BE23D5B55B}.Debug|Any CPU.ActiveCfg = Debug|Any CPU
		{DB2CA83D-9EB7-4F87-9494-65BE23D5B55B}.Debug|Any CPU.Build.0 = Debug|Any CPU
		{DB2CA83D-9EB7-4F87-9494-65BE23D5B55B}.Release|Any CPU.ActiveCfg = Release|Any CPU
		{DB2CA83D-9EB7-4F87-9494-65BE23D5B55B}.Release|Any CPU.Build.0 = Release|Any CPU
		{B332CEEC-BBA4-4A4C-A57E-A930F0DDA65A}.Debug|Any CPU.ActiveCfg = Debug|Any CPU
		{B332CEEC-BBA4-4A4C-A57E-A930F0DDA65A}.Debug|Any CPU.Build.0 = Debug|Any CPU
		{B332CEEC-BBA4-4A4C-A57E-A930F0DDA65A}.Release|Any CPU.ActiveCfg = Release|Any CPU
		{B332CEEC-BBA4-4A4C-A57E-A930F0DDA65A}.Release|Any CPU.Build.0 = Release|Any CPU
		{1CCFAB1A-640C-4CE0-8BEC-326657A18084}.Debug|Any CPU.ActiveCfg = Debug|Any CPU
		{1CCFAB1A-640C-4CE0-8BEC-326657A18084}.Debug|Any CPU.Build.0 = Debug|Any CPU
		{1CCFAB1A-640C-4CE0-8BEC-326657A18084}.Release|Any CPU.ActiveCfg = Release|Any CPU
		{1CCFAB1A-640C-4CE0-8BEC-326657A18084}.Release|Any CPU.Build.0 = Release|Any CPU
		{E1D8CD7B-4B2C-4854-86A6-CD55EE1635A9}.Debug|Any CPU.ActiveCfg = Debug|Any CPU
		{E1D8CD7B-4B2C-4854-86A6-CD55EE1635A9}.Debug|Any CPU.Build.0 = Debug|Any CPU
		{E1D8CD7B-4B2C-4854-86A6-CD55EE1635A9}.Release|Any CPU.ActiveCfg = Release|Any CPU
		{E1D8CD7B-4B2C-4854-86A6-CD55EE1635A9}.Release|Any CPU.Build.0 = Release|Any CPU
		{60EEF4E0-D35E-40F7-A906-2795D365E5AC}.Debug|Any CPU.ActiveCfg = Debug|Any CPU
		{60EEF4E0-D35E-40F7-A906-2795D365E5AC}.Debug|Any CPU.Build.0 = Debug|Any CPU
		{60EEF4E0-D35E-40F7-A906-2795D365E5AC}.Release|Any CPU.ActiveCfg = Release|Any CPU
		{60EEF4E0-D35E-40F7-A906-2795D365E5AC}.Release|Any CPU.Build.0 = Release|Any CPU
		{98DD2E14-72C7-4B27-A27D-C1E65EAF4D97}.Debug|Any CPU.ActiveCfg = Debug|Any CPU
		{98DD2E14-72C7-4B27-A27D-C1E65EAF4D97}.Debug|Any CPU.Build.0 = Debug|Any CPU
		{98DD2E14-72C7-4B27-A27D-C1E65EAF4D97}.Release|Any CPU.ActiveCfg = Release|Any CPU
		{98DD2E14-72C7-4B27-A27D-C1E65EAF4D97}.Release|Any CPU.Build.0 = Release|Any CPU
		{0A8AA459-A6C2-45F9-A849-550B2D42F514}.Debug|Any CPU.ActiveCfg = Debug|Any CPU
		{0A8AA459-A6C2-45F9-A849-550B2D42F514}.Debug|Any CPU.Build.0 = Debug|Any CPU
		{0A8AA459-A6C2-45F9-A849-550B2D42F514}.Release|Any CPU.ActiveCfg = Release|Any CPU
		{0A8AA459-A6C2-45F9-A849-550B2D42F514}.Release|Any CPU.Build.0 = Release|Any CPU
		{FB6A19EA-9812-462F-B1E0-81150F7716F6}.Debug|Any CPU.ActiveCfg = Debug|Any CPU
		{FB6A19EA-9812-462F-B1E0-81150F7716F6}.Debug|Any CPU.Build.0 = Debug|Any CPU
		{FB6A19EA-9812-462F-B1E0-81150F7716F6}.Release|Any CPU.ActiveCfg = Release|Any CPU
		{FB6A19EA-9812-462F-B1E0-81150F7716F6}.Release|Any CPU.Build.0 = Release|Any CPU
		{B2060190-C811-4387-A75F-AF892ABB7A4D}.Debug|Any CPU.ActiveCfg = Debug|Any CPU
		{B2060190-C811-4387-A75F-AF892ABB7A4D}.Debug|Any CPU.Build.0 = Debug|Any CPU
		{B2060190-C811-4387-A75F-AF892ABB7A4D}.Release|Any CPU.ActiveCfg = Release|Any CPU
		{B2060190-C811-4387-A75F-AF892ABB7A4D}.Release|Any CPU.Build.0 = Release|Any CPU
		{8D244391-8614-4232-8A86-1A4EBDA4CC0A}.Debug|Any CPU.ActiveCfg = Debug|Any CPU
		{8D244391-8614-4232-8A86-1A4EBDA4CC0A}.Debug|Any CPU.Build.0 = Debug|Any CPU
		{8D244391-8614-4232-8A86-1A4EBDA4CC0A}.Release|Any CPU.ActiveCfg = Release|Any CPU
		{8D244391-8614-4232-8A86-1A4EBDA4CC0A}.Release|Any CPU.Build.0 = Release|Any CPU
		{286C38F8-E75F-4804-9A60-DCA2C8EA0953}.Debug|Any CPU.ActiveCfg = Debug|Any CPU
		{286C38F8-E75F-4804-9A60-DCA2C8EA0953}.Debug|Any CPU.Build.0 = Debug|Any CPU
		{286C38F8-E75F-4804-9A60-DCA2C8EA0953}.Release|Any CPU.ActiveCfg = Release|Any CPU
		{286C38F8-E75F-4804-9A60-DCA2C8EA0953}.Release|Any CPU.Build.0 = Release|Any CPU
		{531E082D-84F9-48F5-8FDC-2125DCA58811}.Debug|Any CPU.ActiveCfg = Debug|Any CPU
		{531E082D-84F9-48F5-8FDC-2125DCA58811}.Debug|Any CPU.Build.0 = Debug|Any CPU
		{531E082D-84F9-48F5-8FDC-2125DCA58811}.Release|Any CPU.ActiveCfg = Release|Any CPU
		{531E082D-84F9-48F5-8FDC-2125DCA58811}.Release|Any CPU.Build.0 = Release|Any CPU
		{1337BE84-4F85-4871-A9AB-A7C4D42A0E3B}.Debug|Any CPU.ActiveCfg = Debug|Any CPU
		{1337BE84-4F85-4871-A9AB-A7C4D42A0E3B}.Debug|Any CPU.Build.0 = Debug|Any CPU
		{1337BE84-4F85-4871-A9AB-A7C4D42A0E3B}.Release|Any CPU.ActiveCfg = Release|Any CPU
		{1337BE84-4F85-4871-A9AB-A7C4D42A0E3B}.Release|Any CPU.Build.0 = Release|Any CPU
		{CA7A4A42-052A-4E24-89F0-DC34E8C5B1C2}.Debug|Any CPU.ActiveCfg = Debug|Any CPU
		{CA7A4A42-052A-4E24-89F0-DC34E8C5B1C2}.Debug|Any CPU.Build.0 = Debug|Any CPU
		{CA7A4A42-052A-4E24-89F0-DC34E8C5B1C2}.Release|Any CPU.ActiveCfg = Release|Any CPU
		{CA7A4A42-052A-4E24-89F0-DC34E8C5B1C2}.Release|Any CPU.Build.0 = Release|Any CPU
		{3EB3A9A2-54B3-4AD1-B333-9BC740BFC590}.Debug|Any CPU.ActiveCfg = Debug|Any CPU
		{3EB3A9A2-54B3-4AD1-B333-9BC740BFC590}.Debug|Any CPU.Build.0 = Debug|Any CPU
		{3EB3A9A2-54B3-4AD1-B333-9BC740BFC590}.Release|Any CPU.ActiveCfg = Release|Any CPU
		{3EB3A9A2-54B3-4AD1-B333-9BC740BFC590}.Release|Any CPU.Build.0 = Release|Any CPU
		{ECA54CB3-41C8-40D4-826C-1DAD481BA789}.Debug|Any CPU.ActiveCfg = Debug|Any CPU
		{ECA54CB3-41C8-40D4-826C-1DAD481BA789}.Debug|Any CPU.Build.0 = Debug|Any CPU
		{ECA54CB3-41C8-40D4-826C-1DAD481BA789}.Release|Any CPU.ActiveCfg = Release|Any CPU
		{ECA54CB3-41C8-40D4-826C-1DAD481BA789}.Release|Any CPU.Build.0 = Release|Any CPU
		{C07F92D8-6F4B-4871-908C-F655BF0AB521}.Debug|Any CPU.ActiveCfg = Debug|Any CPU
		{C07F92D8-6F4B-4871-908C-F655BF0AB521}.Debug|Any CPU.Build.0 = Debug|Any CPU
		{C07F92D8-6F4B-4871-908C-F655BF0AB521}.Release|Any CPU.ActiveCfg = Release|Any CPU
		{C07F92D8-6F4B-4871-908C-F655BF0AB521}.Release|Any CPU.Build.0 = Release|Any CPU
		{74F6C331-BEE2-4A6A-80D0-A0A6B7DEFCCC}.Debug|Any CPU.ActiveCfg = Debug|Any CPU
		{74F6C331-BEE2-4A6A-80D0-A0A6B7DEFCCC}.Debug|Any CPU.Build.0 = Debug|Any CPU
		{74F6C331-BEE2-4A6A-80D0-A0A6B7DEFCCC}.Release|Any CPU.ActiveCfg = Release|Any CPU
		{74F6C331-BEE2-4A6A-80D0-A0A6B7DEFCCC}.Release|Any CPU.Build.0 = Release|Any CPU
		{A0B77514-DD89-4CBA-BC18-0D0CE5D3E3BE}.Debug|Any CPU.ActiveCfg = Debug|Any CPU
		{A0B77514-DD89-4CBA-BC18-0D0CE5D3E3BE}.Debug|Any CPU.Build.0 = Debug|Any CPU
		{A0B77514-DD89-4CBA-BC18-0D0CE5D3E3BE}.Release|Any CPU.ActiveCfg = Release|Any CPU
		{A0B77514-DD89-4CBA-BC18-0D0CE5D3E3BE}.Release|Any CPU.Build.0 = Release|Any CPU
		{8828AA5C-ECE7-4928-BE5B-75789197FF35}.Debug|Any CPU.ActiveCfg = Debug|Any CPU
		{8828AA5C-ECE7-4928-BE5B-75789197FF35}.Debug|Any CPU.Build.0 = Debug|Any CPU
		{8828AA5C-ECE7-4928-BE5B-75789197FF35}.Release|Any CPU.ActiveCfg = Release|Any CPU
		{8828AA5C-ECE7-4928-BE5B-75789197FF35}.Release|Any CPU.Build.0 = Release|Any CPU
		{580A6628-AA57-4B76-86F6-475E676C5DDF}.Debug|Any CPU.ActiveCfg = Debug|Any CPU
		{580A6628-AA57-4B76-86F6-475E676C5DDF}.Debug|Any CPU.Build.0 = Debug|Any CPU
		{580A6628-AA57-4B76-86F6-475E676C5DDF}.Release|Any CPU.ActiveCfg = Release|Any CPU
		{580A6628-AA57-4B76-86F6-475E676C5DDF}.Release|Any CPU.Build.0 = Release|Any CPU
		{9F44DCF5-8AE2-4B93-A2CD-0C93239485BA}.Debug|Any CPU.ActiveCfg = Debug|Any CPU
		{9F44DCF5-8AE2-4B93-A2CD-0C93239485BA}.Debug|Any CPU.Build.0 = Debug|Any CPU
		{9F44DCF5-8AE2-4B93-A2CD-0C93239485BA}.Release|Any CPU.ActiveCfg = Release|Any CPU
		{9F44DCF5-8AE2-4B93-A2CD-0C93239485BA}.Release|Any CPU.Build.0 = Release|Any CPU
	EndGlobalSection
	GlobalSection(SolutionProperties) = preSolution
		HideSolutionNode = FALSE
	EndGlobalSection
	GlobalSection(ExtensibilityGlobals) = postSolution
		SolutionGuid = {C4B41DEF-CBB9-49AB-8D03-79F9BB569C1C}
	EndGlobalSection
EndGlobal
